
Microsoft Visual Studio Solution File, Format Version 12.00
# Visual Studio 15
VisualStudioVersion = 15.0.28307.421
MinimumVisualStudioVersion = 10.0.40219.1
Project("{FAE04EC0-301F-11D3-BF4B-00C04F79EFBC}") = "TuesPechkin", "Source\TuesPechkin\TuesPechkin.csproj", "{023DF833-B252-48B3-B6AF-DBBB13E39B13}"
EndProject
Project("{FAE04EC0-301F-11D3-BF4B-00C04F79EFBC}") = "TuesPechkin.Wkhtmltox.AnyCPU", "Source\TuesPechkin.Wkhtmltox.AnyCPU\TuesPechkin.Wkhtmltox.AnyCPU.csproj", "{93776025-FB0A-45F6-8413-41C206915553}"
EndProject
Project("{FAE04EC0-301F-11D3-BF4B-00C04F79EFBC}") = "TuesPechkin.Wkhtmltox.Win32", "Source\TuesPechkin.Wkhtmltox.Win32\TuesPechkin.Wkhtmltox.Win32.csproj", "{1BCD70EF-32EF-4339-9CCF-EA07415A39A9}"
EndProject
Project("{FAE04EC0-301F-11D3-BF4B-00C04F79EFBC}") = "TuesPechkin.Wkhtmltox.Win64", "Source\TuesPechkin.Wkhtmltox.Win64\TuesPechkin.Wkhtmltox.Win64.csproj", "{F77CFFCA-1CF0-49C8-98B6-5C6009C6BE63}"
EndProject
Project("{FAE04EC0-301F-11D3-BF4B-00C04F79EFBC}") = "TuesPechkin.Tests", "Tests\TuesPechkin.Tests\TuesPechkin.Tests.csproj", "{D58769FA-E008-4016-A81C-A85C606B3691}"
EndProject
Project("{2150E333-8FDC-42A3-9474-1A3956D46DE8}") = "Documentation", "Documentation", "{14133E64-8631-46C8-8477-D41C821968F4}"
	ProjectSection(SolutionItems) = preProject
		README.md = README.md
	EndProjectSection
EndProject
Project("{FAE04EC0-301F-11D3-BF4B-00C04F79EFBC}") = "TuesPechkin.TestFormsApp", "Demo\TuesPechkin.TestFormsApp\TuesPechkin.TestFormsApp.csproj", "{35E72E2C-DE58-4ED7-9B47-5EF13860AF42}"
EndProject
Project("{2150E333-8FDC-42A3-9474-1A3956D46DE8}") = "Tests", "Tests", "{E447312B-1B44-4BE7-A904-EF24922DF48B}"
EndProject
Project("{2150E333-8FDC-42A3-9474-1A3956D46DE8}") = "Source", "Source", "{32C3A4F5-E641-498F-8C83-7D67ECBE9A7F}"
EndProject
Project("{2150E333-8FDC-42A3-9474-1A3956D46DE8}") = "Demo", "Demo", "{91950496-ABEE-4C17-ADEB-04D85AFA016D}"
EndProject
Project("{FAE04EC0-301F-11D3-BF4B-00C04F79EFBC}") = "TuesPechkin.WebApp", "Demo\TuesPechkin.WebApp\TuesPechkin.WebApp.csproj", "{FC4E954E-7134-4B62-B39C-C49BA7AFBCF2}"
EndProject
Global
	GlobalSection(SolutionConfigurationPlatforms) = preSolution
		Debug|Any CPU = Debug|Any CPU
		Debug|x64 = Debug|x64
		Debug|x86 = Debug|x86
		Release|Any CPU = Release|Any CPU
		Release|x64 = Release|x64
		Release|x86 = Release|x86
	EndGlobalSection
	GlobalSection(ProjectConfigurationPlatforms) = postSolution
		{023DF833-B252-48B3-B6AF-DBBB13E39B13}.Debug|Any CPU.ActiveCfg = Debug|Any CPU
		{023DF833-B252-48B3-B6AF-DBBB13E39B13}.Debug|Any CPU.Build.0 = Debug|Any CPU
		{023DF833-B252-48B3-B6AF-DBBB13E39B13}.Debug|x64.ActiveCfg = Debug|Any CPU
		{023DF833-B252-48B3-B6AF-DBBB13E39B13}.Debug|x64.Build.0 = Debug|Any CPU
		{023DF833-B252-48B3-B6AF-DBBB13E39B13}.Debug|x86.ActiveCfg = Debug|Any CPU
		{023DF833-B252-48B3-B6AF-DBBB13E39B13}.Debug|x86.Build.0 = Debug|Any CPU
		{023DF833-B252-48B3-B6AF-DBBB13E39B13}.Release|Any CPU.ActiveCfg = Release|Any CPU
		{023DF833-B252-48B3-B6AF-DBBB13E39B13}.Release|Any CPU.Build.0 = Release|Any CPU
		{023DF833-B252-48B3-B6AF-DBBB13E39B13}.Release|x64.ActiveCfg = Release|Any CPU
		{023DF833-B252-48B3-B6AF-DBBB13E39B13}.Release|x64.Build.0 = Release|Any CPU
		{023DF833-B252-48B3-B6AF-DBBB13E39B13}.Release|x86.ActiveCfg = Release|Any CPU
		{023DF833-B252-48B3-B6AF-DBBB13E39B13}.Release|x86.Build.0 = Release|Any CPU
		{93776025-FB0A-45F6-8413-41C206915553}.Debug|Any CPU.ActiveCfg = Debug|Any CPU
		{93776025-FB0A-45F6-8413-41C206915553}.Debug|Any CPU.Build.0 = Debug|Any CPU
		{93776025-FB0A-45F6-8413-41C206915553}.Debug|x64.ActiveCfg = Debug|Any CPU
		{93776025-FB0A-45F6-8413-41C206915553}.Debug|x64.Build.0 = Debug|Any CPU
		{93776025-FB0A-45F6-8413-41C206915553}.Debug|x86.ActiveCfg = Debug|Any CPU
		{93776025-FB0A-45F6-8413-41C206915553}.Debug|x86.Build.0 = Debug|Any CPU
		{93776025-FB0A-45F6-8413-41C206915553}.Release|Any CPU.ActiveCfg = Release|Any CPU
		{93776025-FB0A-45F6-8413-41C206915553}.Release|Any CPU.Build.0 = Release|Any CPU
		{93776025-FB0A-45F6-8413-41C206915553}.Release|x64.ActiveCfg = Release|Any CPU
		{93776025-FB0A-45F6-8413-41C206915553}.Release|x64.Build.0 = Release|Any CPU
		{93776025-FB0A-45F6-8413-41C206915553}.Release|x86.ActiveCfg = Release|Any CPU
		{93776025-FB0A-45F6-8413-41C206915553}.Release|x86.Build.0 = Release|Any CPU
		{1BCD70EF-32EF-4339-9CCF-EA07415A39A9}.Debug|Any CPU.ActiveCfg = Debug|x86
		{1BCD70EF-32EF-4339-9CCF-EA07415A39A9}.Debug|Any CPU.Build.0 = Debug|x86
		{1BCD70EF-32EF-4339-9CCF-EA07415A39A9}.Debug|x64.ActiveCfg = Debug|x86
		{1BCD70EF-32EF-4339-9CCF-EA07415A39A9}.Debug|x86.ActiveCfg = Debug|x86
		{1BCD70EF-32EF-4339-9CCF-EA07415A39A9}.Debug|x86.Build.0 = Debug|x86
		{1BCD70EF-32EF-4339-9CCF-EA07415A39A9}.Release|Any CPU.ActiveCfg = Release|x86
		{1BCD70EF-32EF-4339-9CCF-EA07415A39A9}.Release|Any CPU.Build.0 = Release|x86
		{1BCD70EF-32EF-4339-9CCF-EA07415A39A9}.Release|x64.ActiveCfg = Release|x86
		{1BCD70EF-32EF-4339-9CCF-EA07415A39A9}.Release|x86.ActiveCfg = Release|x86
		{1BCD70EF-32EF-4339-9CCF-EA07415A39A9}.Release|x86.Build.0 = Release|x86
		{F77CFFCA-1CF0-49C8-98B6-5C6009C6BE63}.Debug|Any CPU.ActiveCfg = Debug|x64
		{F77CFFCA-1CF0-49C8-98B6-5C6009C6BE63}.Debug|Any CPU.Build.0 = Debug|x64
		{F77CFFCA-1CF0-49C8-98B6-5C6009C6BE63}.Debug|x64.ActiveCfg = Debug|x64
		{F77CFFCA-1CF0-49C8-98B6-5C6009C6BE63}.Debug|x64.Build.0 = Debug|x64
		{F77CFFCA-1CF0-49C8-98B6-5C6009C6BE63}.Debug|x86.ActiveCfg = Debug|x64
		{F77CFFCA-1CF0-49C8-98B6-5C6009C6BE63}.Release|Any CPU.ActiveCfg = Release|x64
		{F77CFFCA-1CF0-49C8-98B6-5C6009C6BE63}.Release|Any CPU.Build.0 = Release|x64
		{F77CFFCA-1CF0-49C8-98B6-5C6009C6BE63}.Release|x64.ActiveCfg = Release|x64
		{F77CFFCA-1CF0-49C8-98B6-5C6009C6BE63}.Release|x64.Build.0 = Release|x64
		{F77CFFCA-1CF0-49C8-98B6-5C6009C6BE63}.Release|x86.ActiveCfg = Release|x64
		{D58769FA-E008-4016-A81C-A85C606B3691}.Debug|Any CPU.ActiveCfg = Debug|x86
		{D58769FA-E008-4016-A81C-A85C606B3691}.Debug|Any CPU.Build.0 = Debug|x86
		{D58769FA-E008-4016-A81C-A85C606B3691}.Debug|x64.ActiveCfg = Debug|x86
		{D58769FA-E008-4016-A81C-A85C606B3691}.Debug|x86.ActiveCfg = Debug|x86
		{D58769FA-E008-4016-A81C-A85C606B3691}.Debug|x86.Build.0 = Debug|x86
		{D58769FA-E008-4016-A81C-A85C606B3691}.Release|Any CPU.ActiveCfg = Release|x86
		{D58769FA-E008-4016-A81C-A85C606B3691}.Release|Any CPU.Build.0 = Release|x86
		{D58769FA-E008-4016-A81C-A85C606B3691}.Release|x64.ActiveCfg = Release|x86
		{D58769FA-E008-4016-A81C-A85C606B3691}.Release|x86.ActiveCfg = Release|x86
		{D58769FA-E008-4016-A81C-A85C606B3691}.Release|x86.Build.0 = Release|x86
		{35E72E2C-DE58-4ED7-9B47-5EF13860AF42}.Debug|Any CPU.ActiveCfg = Debug|x64
		{35E72E2C-DE58-4ED7-9B47-5EF13860AF42}.Debug|Any CPU.Build.0 = Debug|x64
		{35E72E2C-DE58-4ED7-9B47-5EF13860AF42}.Debug|x64.ActiveCfg = Debug|x64
		{35E72E2C-DE58-4ED7-9B47-5EF13860AF42}.Debug|x64.Build.0 = Debug|x64
		{35E72E2C-DE58-4ED7-9B47-5EF13860AF42}.Debug|x86.ActiveCfg = Debug|x64
		{35E72E2C-DE58-4ED7-9B47-5EF13860AF42}.Release|Any CPU.ActiveCfg = Release|x64
		{35E72E2C-DE58-4ED7-9B47-5EF13860AF42}.Release|Any CPU.Build.0 = Release|x64
		{35E72E2C-DE58-4ED7-9B47-5EF13860AF42}.Release|x64.ActiveCfg = Release|x64
		{35E72E2C-DE58-4ED7-9B47-5EF13860AF42}.Release|x64.Build.0 = Release|x64
		{35E72E2C-DE58-4ED7-9B47-5EF13860AF42}.Release|x86.ActiveCfg = Release|x64
		{FC4E954E-7134-4B62-B39C-C49BA7AFBCF2}.Debug|Any CPU.ActiveCfg = Debug|Any CPU
		{FC4E954E-7134-4B62-B39C-C49BA7AFBCF2}.Debug|Any CPU.Build.0 = Debug|Any CPU
		{FC4E954E-7134-4B62-B39C-C49BA7AFBCF2}.Debug|x64.ActiveCfg = Debug|Any CPU
		{FC4E954E-7134-4B62-B39C-C49BA7AFBCF2}.Debug|x64.Build.0 = Debug|Any CPU
		{FC4E954E-7134-4B62-B39C-C49BA7AFBCF2}.Debug|x86.ActiveCfg = Debug|Any CPU
		{FC4E954E-7134-4B62-B39C-C49BA7AFBCF2}.Debug|x86.Build.0 = Debug|Any CPU
		{FC4E954E-7134-4B62-B39C-C49BA7AFBCF2}.Release|Any CPU.ActiveCfg = Release|Any CPU
		{FC4E954E-7134-4B62-B39C-C49BA7AFBCF2}.Release|Any CPU.Build.0 = Release|Any CPU
		{FC4E954E-7134-4B62-B39C-C49BA7AFBCF2}.Release|x64.ActiveCfg = Release|Any CPU
		{FC4E954E-7134-4B62-B39C-C49BA7AFBCF2}.Release|x64.Build.0 = Release|Any CPU
		{FC4E954E-7134-4B62-B39C-C49BA7AFBCF2}.Release|x86.ActiveCfg = Release|Any CPU
		{FC4E954E-7134-4B62-B39C-C49BA7AFBCF2}.Release|x86.Build.0 = Release|Any CPU
	EndGlobalSection
	GlobalSection(SolutionProperties) = preSolution
		HideSolutionNode = FALSE
	EndGlobalSection
	GlobalSection(NestedProjects) = preSolution
		{023DF833-B252-48B3-B6AF-DBBB13E39B13} = {32C3A4F5-E641-498F-8C83-7D67ECBE9A7F}
		{93776025-FB0A-45F6-8413-41C206915553} = {32C3A4F5-E641-498F-8C83-7D67ECBE9A7F}
		{1BCD70EF-32EF-4339-9CCF-EA07415A39A9} = {32C3A4F5-E641-498F-8C83-7D67ECBE9A7F}
		{F77CFFCA-1CF0-49C8-98B6-5C6009C6BE63} = {32C3A4F5-E641-498F-8C83-7D67ECBE9A7F}
		{D58769FA-E008-4016-A81C-A85C606B3691} = {E447312B-1B44-4BE7-A904-EF24922DF48B}
		{35E72E2C-DE58-4ED7-9B47-5EF13860AF42} = {91950496-ABEE-4C17-ADEB-04D85AFA016D}
		{FC4E954E-7134-4B62-B39C-C49BA7AFBCF2} = {91950496-ABEE-4C17-ADEB-04D85AFA016D}
	EndGlobalSection
	GlobalSection(ExtensibilityGlobals) = postSolution
		SolutionGuid = {B69CF7BC-698A-4A6B-AC01-F1E706993748}
	EndGlobalSection
EndGlobal
